
Microsoft Visual Studio Solution File, Format Version 12.00
# Visual Studio 15
VisualStudioVersion = 15.0.28010.2048
MinimumVisualStudioVersion = 10.0.40219.1
Project("{FAE04EC0-301F-11D3-BF4B-00C04F79EFBC}") = "Keyboard Locker", "Keyboard Locker\Keyboard Locker.csproj", "{FF394E80-2785-49BC-8C4B-08DCA6635A4D}"
EndProject
Global
	GlobalSection(SolutionConfigurationPlatforms) = preSolution
		Debug|Any CPU = Debug|Any CPU
		Release|Any CPU = Release|Any CPU
	EndGlobalSection
	GlobalSection(ProjectConfigurationPlatforms) = postSolution
		{FF394E80-2785-49BC-8C4B-08DCA6635A4D}.Debug|Any CPU.ActiveCfg = Debug|Any CPU
		{FF394E80-2785-49BC-8C4B-08DCA6635A4D}.Debug|Any CPU.Build.0 = Debug|Any CPU
		{FF394E80-2785-49BC-8C4B-08DCA6635A4D}.Release|Any CPU.ActiveCfg = Release|Any CPU
		{FF394E80-2785-49BC-8C4B-08DCA6635A4D}.Release|Any CPU.Build.0 = Release|Any CPU
	EndGlobalSection
	GlobalSection(SolutionProperties) = preSolution
		HideSolutionNode = FALSE
	EndGlobalSection
	GlobalSection(ExtensibilityGlobals) = postSolution
		SolutionGuid = {F4F98D0D-6FEE-49A5-B4F4-46942A569095}
	EndGlobalSection
EndGlobal
